
Microsoft Visual Studio Solution File, Format Version 12.00
# Visual Studio Version 16
VisualStudioVersion = 16.0.31112.23
MinimumVisualStudioVersion = 10.0.40219.1
Project("{FAE04EC0-301F-11D3-BF4B-00C04F79EFBC}") = "2301854403-Benny Kharisma", "2301854403-Benny Kharisma.csproj", "{B4A62DE3-C240-4130-8451-6A40D6D225A2}"
EndProject
Global
	GlobalSection(SolutionConfigurationPlatforms) = preSolution
		Debug|Any CPU = Debug|Any CPU
		Release|Any CPU = Release|Any CPU
	EndGlobalSection
	GlobalSection(ProjectConfigurationPlatforms) = postSolution
		{B4A62DE3-C240-4130-8451-6A40D6D225A2}.Debug|Any CPU.ActiveCfg = Debug|Any CPU
		{B4A62DE3-C240-4130-8451-6A40D6D225A2}.Debug|Any CPU.Build.0 = Debug|Any CPU
		{B4A62DE3-C240-4130-8451-6A40D6D225A2}.Release|Any CPU.ActiveCfg = Release|Any CPU
		{B4A62DE3-C240-4130-8451-6A40D6D225A2}.Release|Any CPU.Build.0 = Release|Any CPU
	EndGlobalSection
	GlobalSection(SolutionProperties) = preSolution
		HideSolutionNode = FALSE
	EndGlobalSection
	GlobalSection(ExtensibilityGlobals) = postSolution
		SolutionGuid = {06FEAF3A-9EFE-4A78-8D1D-140963B09D7D}
	EndGlobalSection
EndGlobal
